
Microsoft Visual Studio Solution File, Format Version 12.00
# Visual Studio Version 17
VisualStudioVersion = 17.7.34024.191
MinimumVisualStudioVersion = 10.0.40219.1
Project("{9A19103F-16F7-4668-BE54-9A1E7A4F7556}") = "Entidades", "Entidades\Entidades.csproj", "{9CA1760E-141D-45FE-8A11-DC949477761B}"
EndProject
Project("{9A19103F-16F7-4668-BE54-9A1E7A4F7556}") = "Frm", "FrmPrincipal\Frm.csproj", "{AB135E98-589C-4FDF-BDD0-8211DB78C533}"
EndProject
Global
	GlobalSection(SolutionConfigurationPlatforms) = preSolution
		Debug|Any CPU = Debug|Any CPU
		Release|Any CPU = Release|Any CPU
	EndGlobalSection
	GlobalSection(ProjectConfigurationPlatforms) = postSolution
		{9CA1760E-141D-45FE-8A11-DC949477761B}.Debug|Any CPU.ActiveCfg = Debug|Any CPU
		{9CA1760E-141D-45FE-8A11-DC949477761B}.Debug|Any CPU.Build.0 = Debug|Any CPU
		{9CA1760E-141D-45FE-8A11-DC949477761B}.Release|Any CPU.ActiveCfg = Release|Any CPU
		{9CA1760E-141D-45FE-8A11-DC949477761B}.Release|Any CPU.Build.0 = Release|Any CPU
		{AB135E98-589C-4FDF-BDD0-8211DB78C533}.Debug|Any CPU.ActiveCfg = Debug|Any CPU
		{AB135E98-589C-4FDF-BDD0-8211DB78C533}.Debug|Any CPU.Build.0 = Debug|Any CPU
		{AB135E98-589C-4FDF-BDD0-8211DB78C533}.Release|Any CPU.ActiveCfg = Release|Any CPU
		{AB135E98-589C-4FDF-BDD0-8211DB78C533}.Release|Any CPU.Build.0 = Release|Any CPU
	EndGlobalSection
	GlobalSection(SolutionProperties) = preSolution
		HideSolutionNode = FALSE
	EndGlobalSection
	GlobalSection(ExtensibilityGlobals) = postSolution
		SolutionGuid = {399A7F6D-8217-4981-A7FA-37FCA712DD77}
	EndGlobalSection
EndGlobal
